
Microsoft Visual Studio Solution File, Format Version 12.00
# Visual Studio Version 17
VisualStudioVersion = 17.4.33403.182
MinimumVisualStudioVersion = 10.0.40219.1
Project("{FAE04EC0-301F-11D3-BF4B-00C04F79EFBC}") = "OM_PR3", "OM_PR3\OM_PR3.csproj", "{C93C9A99-AEB1-42FC-AB67-1C15FC93FC85}"
EndProject
Global
	GlobalSection(SolutionConfigurationPlatforms) = preSolution
		Debug|Any CPU = Debug|Any CPU
		Release|Any CPU = Release|Any CPU
	EndGlobalSection
	GlobalSection(ProjectConfigurationPlatforms) = postSolution
		{C93C9A99-AEB1-42FC-AB67-1C15FC93FC85}.Debug|Any CPU.ActiveCfg = Debug|Any CPU
		{C93C9A99-AEB1-42FC-AB67-1C15FC93FC85}.Debug|Any CPU.Build.0 = Debug|Any CPU
		{C93C9A99-AEB1-42FC-AB67-1C15FC93FC85}.Release|Any CPU.ActiveCfg = Release|Any CPU
		{C93C9A99-AEB1-42FC-AB67-1C15FC93FC85}.Release|Any CPU.Build.0 = Release|Any CPU
	EndGlobalSection
	GlobalSection(SolutionProperties) = preSolution
		HideSolutionNode = FALSE
	EndGlobalSection
	GlobalSection(ExtensibilityGlobals) = postSolution
		SolutionGuid = {139706D8-8C67-4D13-8E38-739FBB91D567}
	EndGlobalSection
EndGlobal
